
Microsoft Visual Studio Solution File, Format Version 12.00
# Visual Studio Version 17
VisualStudioVersion = 17.11.35219.272
MinimumVisualStudioVersion = 10.0.40219.1
Project("{FAE04EC0-301F-11D3-BF4B-00C04F79EFBC}") = "Gametopia.GameStorage", "Gametopia.GameStorage.csproj", "{7FD57C3D-C11D-415A-ADF4-DEDF0C4AF343}"
EndProject
Global
	GlobalSection(SolutionConfigurationPlatforms) = preSolution
		Debug|Any CPU = Debug|Any CPU
		Release|Any CPU = Release|Any CPU
	EndGlobalSection
	GlobalSection(ProjectConfigurationPlatforms) = postSolution
		{7FD57C3D-C11D-415A-ADF4-DEDF0C4AF343}.Debug|Any CPU.ActiveCfg = Debug|Any CPU
		{7FD57C3D-C11D-415A-ADF4-DEDF0C4AF343}.Debug|Any CPU.Build.0 = Debug|Any CPU
		{7FD57C3D-C11D-415A-ADF4-DEDF0C4AF343}.Release|Any CPU.ActiveCfg = Release|Any CPU
		{7FD57C3D-C11D-415A-ADF4-DEDF0C4AF343}.Release|Any CPU.Build.0 = Release|Any CPU
	EndGlobalSection
	GlobalSection(SolutionProperties) = preSolution
		HideSolutionNode = FALSE
	EndGlobalSection
	GlobalSection(ExtensibilityGlobals) = postSolution
		SolutionGuid = {C228F094-3150-4BA4-B3D0-A06D7B698A36}
	EndGlobalSection
EndGlobal
